
Microsoft Visual Studio Solution File, Format Version 10.00
# Visual Studio 2008
Project("{8BC9CEB8-8B4A-11D0-8D11-00A0C91BC942}") = "Scanner", "Scanner.vcproj", "{B2A0BB4F-2B73-43D1-B232-EA7006AC2045}"
EndProject
Global
	GlobalSection(SolutionConfigurationPlatforms) = preSolution
		Debug|Win32 = Debug|Win32
		Release|Win32 = Release|Win32
	EndGlobalSection
	GlobalSection(ProjectConfigurationPlatforms) = postSolution
		{B2A0BB4F-2B73-43D1-B232-EA7006AC2045}.Debug|Win32.ActiveCfg = Debug|Win32
		{B2A0BB4F-2B73-43D1-B232-EA7006AC2045}.Debug|Win32.Build.0 = Debug|Win32
		{B2A0BB4F-2B73-43D1-B232-EA7006AC2045}.Release|Win32.ActiveCfg = Release|Win32
		{B2A0BB4F-2B73-43D1-B232-EA7006AC2045}.Release|Win32.Build.0 = Release|Win32
	EndGlobalSection
	GlobalSection(SolutionProperties) = preSolution
		HideSolutionNode = FALSE
	EndGlobalSection
EndGlobal
